
Microsoft Visual Studio Solution File, Format Version 12.00
# Visual Studio Version 17
VisualStudioVersion = 17.3.32825.248
MinimumVisualStudioVersion = 10.0.40219.1
Project("{FAE04EC0-301F-11D3-BF4B-00C04F79EFBC}") = "Blazor", "Blazor\Blazor.csproj", "{86FBC3E2-5F78-41C7-8609-B16CBF7C818B}"
EndProject
Global
	GlobalSection(SolutionConfigurationPlatforms) = preSolution
		Debug|Any CPU = Debug|Any CPU
		Release|Any CPU = Release|Any CPU
	EndGlobalSection
	GlobalSection(ProjectConfigurationPlatforms) = postSolution
		{86FBC3E2-5F78-41C7-8609-B16CBF7C818B}.Debug|Any CPU.ActiveCfg = Debug|Any CPU
		{86FBC3E2-5F78-41C7-8609-B16CBF7C818B}.Debug|Any CPU.Build.0 = Debug|Any CPU
		{86FBC3E2-5F78-41C7-8609-B16CBF7C818B}.Release|Any CPU.ActiveCfg = Release|Any CPU
		{86FBC3E2-5F78-41C7-8609-B16CBF7C818B}.Release|Any CPU.Build.0 = Release|Any CPU
	EndGlobalSection
	GlobalSection(SolutionProperties) = preSolution
		HideSolutionNode = FALSE
	EndGlobalSection
	GlobalSection(ExtensibilityGlobals) = postSolution
		SolutionGuid = {D1687BC3-EC88-4816-9764-AE94EA288B20}
	EndGlobalSection
EndGlobal
